
Microsoft Visual Studio Solution File, Format Version 12.00
# Visual Studio 15
VisualStudioVersion = 15.0.28010.0
MinimumVisualStudioVersion = 10.0.40219.1
Project("{FAE04EC0-301F-11D3-BF4B-00C04F79EFBC}") = "GreetPage.Android", "GreetPage\GreetPage.Android\GreetPage.Android.csproj", "{D67A2AB1-CCF4-484C-B00C-7378920D4810}"
EndProject
Project("{FAE04EC0-301F-11D3-BF4B-00C04F79EFBC}") = "GreetPage.iOS", "GreetPage\GreetPage.iOS\GreetPage.iOS.csproj", "{E522675E-3C47-4B35-A583-B78CCF18A971}"
EndProject
Project("{FAE04EC0-301F-11D3-BF4B-00C04F79EFBC}") = "GreetPage", "GreetPage\GreetPage\GreetPage.csproj", "{C04067FE-FCFA-4FDA-9E00-BF9290B3AFF5}"
EndProject
Global
	GlobalSection(SolutionConfigurationPlatforms) = preSolution
		Ad-Hoc|Any CPU = Ad-Hoc|Any CPU
		Ad-Hoc|iPhone = Ad-Hoc|iPhone
		Ad-Hoc|iPhoneSimulator = Ad-Hoc|iPhoneSimulator
		AppStore|Any CPU = AppStore|Any CPU
		AppStore|iPhone = AppStore|iPhone
		AppStore|iPhoneSimulator = AppStore|iPhoneSimulator
		Debug|Any CPU = Debug|Any CPU
		Debug|iPhone = Debug|iPhone
		Debug|iPhoneSimulator = Debug|iPhoneSimulator
		Release|Any CPU = Release|Any CPU
		Release|iPhone = Release|iPhone
		Release|iPhoneSimulator = Release|iPhoneSimulator
	EndGlobalSection
	GlobalSection(ProjectConfigurationPlatforms) = postSolution
		{D67A2AB1-CCF4-484C-B00C-7378920D4810}.Ad-Hoc|Any CPU.ActiveCfg = Release|Any CPU
		{D67A2AB1-CCF4-484C-B00C-7378920D4810}.Ad-Hoc|Any CPU.Build.0 = Release|Any CPU
		{D67A2AB1-CCF4-484C-B00C-7378920D4810}.Ad-Hoc|Any CPU.Deploy.0 = Release|Any CPU
		{D67A2AB1-CCF4-484C-B00C-7378920D4810}.Ad-Hoc|iPhone.ActiveCfg = Release|Any CPU
		{D67A2AB1-CCF4-484C-B00C-7378920D4810}.Ad-Hoc|iPhone.Build.0 = Release|Any CPU
		{D67A2AB1-CCF4-484C-B00C-7378920D4810}.Ad-Hoc|iPhone.Deploy.0 = Release|Any CPU
		{D67A2AB1-CCF4-484C-B00C-7378920D4810}.Ad-Hoc|iPhoneSimulator.ActiveCfg = Release|Any CPU
		{D67A2AB1-CCF4-484C-B00C-7378920D4810}.Ad-Hoc|iPhoneSimulator.Build.0 = Release|Any CPU
		{D67A2AB1-CCF4-484C-B00C-7378920D4810}.Ad-Hoc|iPhoneSimulator.Deploy.0 = Release|Any CPU
		{D67A2AB1-CCF4-484C-B00C-7378920D4810}.AppStore|Any CPU.ActiveCfg = Release|Any CPU
		{D67A2AB1-CCF4-484C-B00C-7378920D4810}.AppStore|Any CPU.Build.0 = Release|Any CPU
		{D67A2AB1-CCF4-484C-B00C-7378920D4810}.AppStore|Any CPU.Deploy.0 = Release|Any CPU
		{D67A2AB1-CCF4-484C-B00C-7378920D4810}.AppStore|iPhone.ActiveCfg = Release|Any CPU
		{D67A2AB1-CCF4-484C-B00C-7378920D4810}.AppStore|iPhone.Build.0 = Release|Any CPU
		{D67A2AB1-CCF4-484C-B00C-7378920D4810}.AppStore|iPhone.Deploy.0 = Release|Any CPU
		{D67A2AB1-CCF4-484C-B00C-7378920D4810}.AppStore|iPhoneSimulator.ActiveCfg = Release|Any CPU
		{D67A2AB1-CCF4-484C-B00C-7378920D4810}.AppStore|iPhoneSimulator.Build.0 = Release|Any CPU
		{D67A2AB1-CCF4-484C-B00C-7378920D4810}.AppStore|iPhoneSimulator.Deploy.0 = Release|Any CPU
		{D67A2AB1-CCF4-484C-B00C-7378920D4810}.Debug|Any CPU.ActiveCfg = Debug|Any CPU
		{D67A2AB1-CCF4-484C-B00C-7378920D4810}.Debug|Any CPU.Build.0 = Debug|Any CPU
		{D67A2AB1-CCF4-484C-B00C-7378920D4810}.Debug|Any CPU.Deploy.0 = Debug|Any CPU
		{D67A2AB1-CCF4-484C-B00C-7378920D4810}.Debug|iPhone.ActiveCfg = Debug|Any CPU
		{D67A2AB1-CCF4-484C-B00C-7378920D4810}.Debug|iPhone.Build.0 = Debug|Any CPU
		{D67A2AB1-CCF4-484C-B00C-7378920D4810}.Debug|iPhone.Deploy.0 = Debug|Any CPU
		{D67A2AB1-CCF4-484C-B00C-7378920D4810}.Debug|iPhoneSimulator.ActiveCfg = Debug|Any CPU
		{D67A2AB1-CCF4-484C-B00C-7378920D4810}.Debug|iPhoneSimulator.Build.0 = Debug|Any CPU
		{D67A2AB1-CCF4-484C-B00C-7378920D4810}.Debug|iPhoneSimulator.Deploy.0 = Debug|Any CPU
		{D67A2AB1-CCF4-484C-B00C-7378920D4810}.Release|Any CPU.ActiveCfg = Release|Any CPU
		{D67A2AB1-CCF4-484C-B00C-7378920D4810}.Release|Any CPU.Build.0 = Release|Any CPU
		{D67A2AB1-CCF4-484C-B00C-7378920D4810}.Release|Any CPU.Deploy.0 = Release|Any CPU
		{D67A2AB1-CCF4-484C-B00C-7378920D4810}.Release|iPhone.ActiveCfg = Release|Any CPU
		{D67A2AB1-CCF4-484C-B00C-7378920D4810}.Release|iPhone.Build.0 = Release|Any CPU
		{D67A2AB1-CCF4-484C-B00C-7378920D4810}.Release|iPhone.Deploy.0 = Release|Any CPU
		{D67A2AB1-CCF4-484C-B00C-7378920D4810}.Release|iPhoneSimulator.ActiveCfg = Release|Any CPU
		{D67A2AB1-CCF4-484C-B00C-7378920D4810}.Release|iPhoneSimulator.Build.0 = Release|Any CPU
		{D67A2AB1-CCF4-484C-B00C-7378920D4810}.Release|iPhoneSimulator.Deploy.0 = Release|Any CPU
		{E522675E-3C47-4B35-A583-B78CCF18A971}.Ad-Hoc|Any CPU.ActiveCfg = Ad-Hoc|iPhone
		{E522675E-3C47-4B35-A583-B78CCF18A971}.Ad-Hoc|Any CPU.Build.0 = Ad-Hoc|iPhone
		{E522675E-3C47-4B35-A583-B78CCF18A971}.Ad-Hoc|Any CPU.Deploy.0 = Ad-Hoc|iPhone
		{E522675E-3C47-4B35-A583-B78CCF18A971}.Ad-Hoc|iPhone.ActiveCfg = Ad-Hoc|iPhone
		{E522675E-3C47-4B35-A583-B78CCF18A971}.Ad-Hoc|iPhone.Build.0 = Ad-Hoc|iPhone
		{E522675E-3C47-4B35-A583-B78CCF18A971}.Ad-Hoc|iPhone.Deploy.0 = Ad-Hoc|iPhone
		{E522675E-3C47-4B35-A583-B78CCF18A971}.Ad-Hoc|iPhoneSimulator.ActiveCfg = Ad-Hoc|iPhoneSimulator
		{E522675E-3C47-4B35-A583-B78CCF18A971}.Ad-Hoc|iPhoneSimulator.Build.0 = Ad-Hoc|iPhoneSimulator
		{E522675E-3C47-4B35-A583-B78CCF18A971}.Ad-Hoc|iPhoneSimulator.Deploy.0 = Ad-Hoc|iPhoneSimulator
		{E522675E-3C47-4B35-A583-B78CCF18A971}.AppStore|Any CPU.ActiveCfg = AppStore|iPhone
		{E522675E-3C47-4B35-A583-B78CCF18A971}.AppStore|Any CPU.Build.0 = AppStore|iPhone
		{E522675E-3C47-4B35-A583-B78CCF18A971}.AppStore|Any CPU.Deploy.0 = AppStore|iPhone
		{E522675E-3C47-4B35-A583-B78CCF18A971}.AppStore|iPhone.ActiveCfg = AppStore|iPhone
		{E522675E-3C47-4B35-A583-B78CCF18A971}.AppStore|iPhone.Build.0 = AppStore|iPhone
		{E522675E-3C47-4B35-A583-B78CCF18A971}.AppStore|iPhone.Deploy.0 = AppStore|iPhone
		{E522675E-3C47-4B35-A583-B78CCF18A971}.AppStore|iPhoneSimulator.ActiveCfg = AppStore|iPhoneSimulator
		{E522675E-3C47-4B35-A583-B78CCF18A971}.AppStore|iPhoneSimulator.Build.0 = AppStore|iPhoneSimulator
		{E522675E-3C47-4B35-A583-B78CCF18A971}.AppStore|iPhoneSimulator.Deploy.0 = AppStore|iPhoneSimulator
		{E522675E-3C47-4B35-A583-B78CCF18A971}.Debug|Any CPU.ActiveCfg = Debug|iPhoneSimulator
		{E522675E-3C47-4B35-A583-B78CCF18A971}.Debug|Any CPU.Build.0 = Debug|iPhoneSimulator
		{E522675E-3C47-4B35-A583-B78CCF18A971}.Debug|Any CPU.Deploy.0 = Debug|iPhoneSimulator
		{E522675E-3C47-4B35-A583-B78CCF18A971}.Debug|iPhone.ActiveCfg = Debug|iPhone
		{E522675E-3C47-4B35-A583-B78CCF18A971}.Debug|iPhone.Build.0 = Debug|iPhone
		{E522675E-3C47-4B35-A583-B78CCF18A971}.Debug|iPhone.Deploy.0 = Debug|iPhone
		{E522675E-3C47-4B35-A583-B78CCF18A971}.Debug|iPhoneSimulator.ActiveCfg = Debug|iPhoneSimulator
		{E522675E-3C47-4B35-A583-B78CCF18A971}.Debug|iPhoneSimulator.Build.0 = Debug|iPhoneSimulator
		{E522675E-3C47-4B35-A583-B78CCF18A971}.Debug|iPhoneSimulator.Deploy.0 = Debug|iPhoneSimulator
		{E522675E-3C47-4B35-A583-B78CCF18A971}.Release|Any CPU.ActiveCfg = Release|iPhone
		{E522675E-3C47-4B35-A583-B78CCF18A971}.Release|Any CPU.Build.0 = Release|iPhone
		{E522675E-3C47-4B35-A583-B78CCF18A971}.Release|Any CPU.Deploy.0 = Release|iPhone
		{E522675E-3C47-4B35-A583-B78CCF18A971}.Release|iPhone.ActiveCfg = Release|iPhone
		{E522675E-3C47-4B35-A583-B78CCF18A971}.Release|iPhone.Build.0 = Release|iPhone
		{E522675E-3C47-4B35-A583-B78CCF18A971}.Release|iPhone.Deploy.0 = Release|iPhone
		{E522675E-3C47-4B35-A583-B78CCF18A971}.Release|iPhoneSimulator.ActiveCfg = Release|iPhoneSimulator
		{E522675E-3C47-4B35-A583-B78CCF18A971}.Release|iPhoneSimulator.Build.0 = Release|iPhoneSimulator
		{E522675E-3C47-4B35-A583-B78CCF18A971}.Release|iPhoneSimulator.Deploy.0 = Release|iPhoneSimulator
		{C04067FE-FCFA-4FDA-9E00-BF9290B3AFF5}.Ad-Hoc|Any CPU.ActiveCfg = Debug|Any CPU
		{C04067FE-FCFA-4FDA-9E00-BF9290B3AFF5}.Ad-Hoc|Any CPU.Build.0 = Debug|Any CPU
		{C04067FE-FCFA-4FDA-9E00-BF9290B3AFF5}.Ad-Hoc|Any CPU.Deploy.0 = Debug|Any CPU
		{C04067FE-FCFA-4FDA-9E00-BF9290B3AFF5}.Ad-Hoc|iPhone.ActiveCfg = Debug|Any CPU
		{C04067FE-FCFA-4FDA-9E00-BF9290B3AFF5}.Ad-Hoc|iPhone.Build.0 = Debug|Any CPU
		{C04067FE-FCFA-4FDA-9E00-BF9290B3AFF5}.Ad-Hoc|iPhone.Deploy.0 = Debug|Any CPU
		{C04067FE-FCFA-4FDA-9E00-BF9290B3AFF5}.Ad-Hoc|iPhoneSimulator.ActiveCfg = Debug|Any CPU
		{C04067FE-FCFA-4FDA-9E00-BF9290B3AFF5}.Ad-Hoc|iPhoneSimulator.Build.0 = Debug|Any CPU
		{C04067FE-FCFA-4FDA-9E00-BF9290B3AFF5}.Ad-Hoc|iPhoneSimulator.Deploy.0 = Debug|Any CPU
		{C04067FE-FCFA-4FDA-9E00-BF9290B3AFF5}.AppStore|Any CPU.ActiveCfg = Debug|Any CPU
		{C04067FE-FCFA-4FDA-9E00-BF9290B3AFF5}.AppStore|Any CPU.Build.0 = Debug|Any CPU
		{C04067FE-FCFA-4FDA-9E00-BF9290B3AFF5}.AppStore|Any CPU.Deploy.0 = Debug|Any CPU
		{C04067FE-FCFA-4FDA-9E00-BF9290B3AFF5}.AppStore|iPhone.ActiveCfg = Debug|Any CPU
		{C04067FE-FCFA-4FDA-9E00-BF9290B3AFF5}.AppStore|iPhone.Build.0 = Debug|Any CPU
		{C04067FE-FCFA-4FDA-9E00-BF9290B3AFF5}.AppStore|iPhone.Deploy.0 = Debug|Any CPU
		{C04067FE-FCFA-4FDA-9E00-BF9290B3AFF5}.AppStore|iPhoneSimulator.ActiveCfg = Debug|Any CPU
		{C04067FE-FCFA-4FDA-9E00-BF9290B3AFF5}.AppStore|iPhoneSimulator.Build.0 = Debug|Any CPU
		{C04067FE-FCFA-4FDA-9E00-BF9290B3AFF5}.AppStore|iPhoneSimulator.Deploy.0 = Debug|Any CPU
		{C04067FE-FCFA-4FDA-9E00-BF9290B3AFF5}.Debug|Any CPU.ActiveCfg = Debug|Any CPU
		{C04067FE-FCFA-4FDA-9E00-BF9290B3AFF5}.Debug|Any CPU.Build.0 = Debug|Any CPU
		{C04067FE-FCFA-4FDA-9E00-BF9290B3AFF5}.Debug|Any CPU.Deploy.0 = Debug|Any CPU
		{C04067FE-FCFA-4FDA-9E00-BF9290B3AFF5}.Debug|iPhone.ActiveCfg = Debug|Any CPU
		{C04067FE-FCFA-4FDA-9E00-BF9290B3AFF5}.Debug|iPhone.Build.0 = Debug|Any CPU
		{C04067FE-FCFA-4FDA-9E00-BF9290B3AFF5}.Debug|iPhone.Deploy.0 = Debug|Any CPU
		{C04067FE-FCFA-4FDA-9E00-BF9290B3AFF5}.Debug|iPhoneSimulator.ActiveCfg = Debug|Any CPU
		{C04067FE-FCFA-4FDA-9E00-BF9290B3AFF5}.Debug|iPhoneSimulator.Build.0 = Debug|Any CPU
		{C04067FE-FCFA-4FDA-9E00-BF9290B3AFF5}.Debug|iPhoneSimulator.Deploy.0 = Debug|Any CPU
		{C04067FE-FCFA-4FDA-9E00-BF9290B3AFF5}.Release|Any CPU.ActiveCfg = Release|Any CPU
		{C04067FE-FCFA-4FDA-9E00-BF9290B3AFF5}.Release|Any CPU.Build.0 = Release|Any CPU
		{C04067FE-FCFA-4FDA-9E00-BF9290B3AFF5}.Release|Any CPU.Deploy.0 = Release|Any CPU
		{C04067FE-FCFA-4FDA-9E00-BF9290B3AFF5}.Release|iPhone.ActiveCfg = Release|Any CPU
		{C04067FE-FCFA-4FDA-9E00-BF9290B3AFF5}.Release|iPhone.Build.0 = Release|Any CPU
		{C04067FE-FCFA-4FDA-9E00-BF9290B3AFF5}.Release|iPhone.Deploy.0 = Release|Any CPU
		{C04067FE-FCFA-4FDA-9E00-BF9290B3AFF5}.Release|iPhoneSimulator.ActiveCfg = Release|Any CPU
		{C04067FE-FCFA-4FDA-9E00-BF9290B3AFF5}.Release|iPhoneSimulator.Build.0 = Release|Any CPU
		{C04067FE-FCFA-4FDA-9E00-BF9290B3AFF5}.Release|iPhoneSimulator.Deploy.0 = Release|Any CPU
	EndGlobalSection
	GlobalSection(SolutionProperties) = preSolution
		HideSolutionNode = FALSE
	EndGlobalSection
	GlobalSection(ExtensibilityGlobals) = postSolution
		SolutionGuid = {D696AA19-AE31-4D68-A404-BD5A95B991D8}
	EndGlobalSection
EndGlobal
